
Microsoft Visual Studio Solution File, Format Version 12.00
# Visual Studio Version 17
VisualStudioVersion = 17.7.34221.43
MinimumVisualStudioVersion = 10.0.40219.1
Project("{FAE04EC0-301F-11D3-BF4B-00C04F79EFBC}") = "Ivan", "Ivan.csproj", "{6366976F-6F03-4835-8C0A-111D6AB69562}"
EndProject
Global
	GlobalSection(SolutionConfigurationPlatforms) = preSolution
		Debug|Any CPU = Debug|Any CPU
		Release|Any CPU = Release|Any CPU
	EndGlobalSection
	GlobalSection(ProjectConfigurationPlatforms) = postSolution
		{6366976F-6F03-4835-8C0A-111D6AB69562}.Debug|Any CPU.ActiveCfg = Debug|Any CPU
		{6366976F-6F03-4835-8C0A-111D6AB69562}.Debug|Any CPU.Build.0 = Debug|Any CPU
		{6366976F-6F03-4835-8C0A-111D6AB69562}.Release|Any CPU.ActiveCfg = Release|Any CPU
		{6366976F-6F03-4835-8C0A-111D6AB69562}.Release|Any CPU.Build.0 = Release|Any CPU
	EndGlobalSection
	GlobalSection(SolutionProperties) = preSolution
		HideSolutionNode = FALSE
	EndGlobalSection
	GlobalSection(ExtensibilityGlobals) = postSolution
		SolutionGuid = {6F733EEE-F374-4CA5-B6B0-8ACBE68D2B3A}
	EndGlobalSection
EndGlobal
